[[package]]
category = "main"
description = "reference implementation of PEP 3156"
name = "asyncio"
optional = false
python-versions = "*"
version = "3.4.3"

[[package]]
category = "main"
description = "Python package for providing Mozilla's CA Bundle."
name = "certifi"
optional = false
python-versions = "*"
version = "2019.9.11"

[[package]]
category = "main"
description = "Universal encoding detector for Python 2 and 3"
name = "chardet"
optional = false
python-versions = "*"
version = "3.0.4"

[[package]]
category = "main"
description = "Composable command line interface toolkit"
name = "click"
optional = false
python-versions = ">=2.7, !=3.0.*, !=3.1.*, !=3.2.*, !=3.3.*"
version = "7.0"

[[package]]
category = "main"
description = "Composable style cycles"
name = "cycler"
optional = false
python-versions = "*"
version = "0.10.0"

[package.dependencies]
six = "*"

[[package]]
category = "main"
description = "Async database support for Python."
name = "databases"
optional = false
python-versions = ">=3.6"
version = "0.2.6"

[package.dependencies]
sqlalchemy = "*"

[[package]]
category = "main"
description = "A Python library for the Docker Engine API."
name = "docker"
optional = false
python-versions = ">=2.7, !=3.0.*, !=3.1.*, !=3.2.*, !=3.3.*, !=3.4.*"
version = "4.1.0"

[package.dependencies]
requests = ">=2.14.2,<2.18.0 || >2.18.0"
six = ">=1.4.0"
websocket-client = ">=0.32.0"

[package.dependencies.pypiwin32]
python = ">=3.6"
version = "223"

[[package]]
category = "main"
description = "FastAPI framework, high performance, easy to learn, fast to code, ready for production"
name = "fastapi"
optional = false
python-versions = ">=3.6"
version = "0.42.0"

[package.dependencies]
pydantic = "0.32.2"
starlette = "0.12.9"

[[package]]
category = "main"
description = "A simple framework for building complex web applications."
name = "flask"
optional = false
python-versions = "*"
version = "1.0.2"

[package.dependencies]
Jinja2 = ">=2.10"
Werkzeug = ">=0.14"
click = ">=5.1"
itsdangerous = ">=0.24"

[[package]]
category = "main"
description = "WSGI HTTP Server for UNIX"
name = "gunicorn"
optional = false
python-versions = ">=2.6, !=3.0.*, !=3.1.*"
version = "19.9.0"

[[package]]
category = "main"
description = "A pure-Python, bring-your-own-I/O implementation of HTTP/1.1"
name = "h11"
optional = false
python-versions = "*"
version = "0.8.1"

[[package]]
category = "main"
description = "Read and write HDF5 files from Python"
name = "h5py"
optional = false
python-versions = "*"
version = "2.10.0"

[package.dependencies]
numpy = ">=1.7"
six = "*"

[[package]]
category = "main"
description = "A collection of framework independent HTTP protocol utils."
marker = "sys_platform != \"win32\" and sys_platform != \"cygwin\" and platform_python_implementation != \"pypy\""
name = "httptools"
optional = false
python-versions = "*"
version = "0.0.13"

[[package]]
category = "main"
description = "Internationalized Domain Names in Applications (IDNA)"
name = "idna"
optional = false
python-versions = ">=2.7, !=3.0.*, !=3.1.*, !=3.2.*, !=3.3.*"
version = "2.8"

[[package]]
category = "main"
description = "Various helpers to pass data to untrusted environments and back."
name = "itsdangerous"
optional = false
python-versions = ">=2.7, !=3.0.*, !=3.1.*, !=3.2.*, !=3.3.*"
version = "1.1.0"

[[package]]
category = "main"
description = "A very fast and expressive template engine."
name = "jinja2"
optional = false
python-versions = "*"
version = "2.10.3"

[package.dependencies]
MarkupSafe = ">=0.23"

[[package]]
category = "main"
description = "Lightweight pipelining: using Python functions as pipeline jobs."
name = "joblib"
optional = false
python-versions = "*"
version = "0.14.0"

[[package]]
category = "main"
description = "Deep Learning for humans"
name = "keras"
optional = false
python-versions = "*"
version = "2.3.1"

[package.dependencies]
h5py = "*"
keras-applications = ">=1.0.6"
keras-preprocessing = ">=1.0.5"
numpy = ">=1.9.1"
pyyaml = "*"
scipy = ">=0.14"
six = ">=1.9.0"

[[package]]
category = "main"
description = "Reference implementations of popular deep learning models"
name = "keras-applications"
optional = false
python-versions = "*"
version = "1.0.8"

[package.dependencies]
h5py = "*"
numpy = ">=1.9.1"

[[package]]
category = "main"
description = "Easy data preprocessing and data augmentation for deep learning models"
name = "keras-preprocessing"
optional = false
python-versions = "*"
version = "1.1.0"

[package.dependencies]
numpy = ">=1.9.1"
six = ">=1.9.0"

[[package]]
category = "main"
description = "Alternate keyring implementations"
name = "keyrings.alt"
optional = false
python-versions = ">=3.6"
version = "3.4.0"

[[package]]
category = "main"
description = "A fast implementation of the Cassowary constraint solver"
name = "kiwisolver"
optional = false
python-versions = ">=2.7, !=3.0.*, !=3.1.*, !=3.2.*, !=3.3.*"
version = "1.1.0"

[package.dependencies]
setuptools = "*"

[[package]]
category = "main"
description = "Powerful and Pythonic XML processing library combining libxml2/libxslt with the ElementTree API."
name = "lxml"
optional = false
python-versions = "*"
version = "4.3.4"

[[package]]
category = "main"
description = "Safely add untrusted strings to HTML/XML markup."
name = "markupsafe"
optional = false
python-versions = ">=2.7,!=3.0.*,!=3.1.*,!=3.2.*,!=3.3.*"
version = "1.1.1"

[[package]]
category = "main"
description = "Python plotting package"
name = "matplotlib"
optional = false
python-versions = "*"
version = "2.2.4"

[package.dependencies]
cycler = ">=0.10"
kiwisolver = ">=1.0.1"
numpy = ">=1.7.1"
pyparsing = ">=2.0.1,<2.0.4 || >2.0.4,<2.1.2 || >2.1.2,<2.1.6 || >2.1.6"
python-dateutil = ">=2.1"
pytz = "*"
six = ">=1.10"

[[package]]
category = "main"
description = "Non-blocking MongoDB driver for Tornado or asyncio"
name = "motor"
optional = false
python-versions = "*"
version = "2.0.0"

[package.dependencies]
pymongo = ">=3.6,<4"

[[package]]
category = "main"
description = "NumPy is the fundamental package for array computing with Python."
name = "numpy"
optional = false
python-versions = ">=3.5"
version = "1.17.3"

[[package]]
category = "main"
description = "Powerful data structures for data analysis, time series, and statistics"
name = "pandas"
optional = false
python-versions = ">=2.7,!=3.0.*,!=3.1.*,!=3.2.*,!=3.3.*,!=3.4.*"
version = "0.24.2"

[package.dependencies]
numpy = ">=1.12.0"
python-dateutil = ">=2.5.0"
pytz = ">=2011k"

[[package]]
category = "main"
description = "Data validation and settings management using python 3.6 type hinting"
name = "pydantic"
optional = false
python-versions = ">=3.6"
version = "0.32.2"

[[package]]
category = "main"
description = "Python driver for MongoDB <http://www.mongodb.org>"
name = "pymongo"
optional = false
python-versions = ">=2.7,!=3.0.*,!=3.1.*,!=3.2.*,!=3.3.*"
version = "3.9.0"

[[package]]
category = "main"
description = "Python parsing module"
name = "pyparsing"
optional = false
python-versions = ">=2.6, !=3.0.*, !=3.1.*, !=3.2.*"
version = "2.4.4"

[[package]]
category = "main"
description = ""
marker = "sys_platform == \"win32\" and python_version >= \"3.6\""
name = "pypiwin32"
optional = false
python-versions = "*"
version = "223"

[package.dependencies]
pywin32 = ">=223"

[[package]]
category = "main"
description = "Python interface to PROJ.4 library"
name = "pyproj"
optional = false
python-versions = "*"
version = "2.2.0"

[[package]]
category = "main"
description = "Extensions to the standard Python datetime module"
name = "python-dateutil"
optional = false
python-versions = "!=3.0.*,!=3.1.*,!=3.2.*,>=2.7"
version = "2.8.1"

[package.dependencies]
six = ">=1.5"

[[package]]
category = "main"
description = "Add .env support to your django/flask apps in development and deployments"
name = "python-dotenv"
optional = false
python-versions = "*"
version = "0.10.3"

[[package]]
category = "main"
description = "World timezone definitions, modern and historical"
name = "pytz"
optional = false
python-versions = "*"
version = "2019.3"

[[package]]
category = "main"
description = "Python for Window Extensions"
marker = "sys_platform == \"win32\" and python_version >= \"3.6\""
name = "pywin32"
optional = false
python-versions = "*"
version = "225"

[[package]]
category = "main"
description = "YAML parser and emitter for Python"
name = "pyyaml"
optional = false
python-versions = ">=2.7, !=3.0.*, !=3.1.*, !=3.2.*, !=3.3.*"
version = "5.1.2"

[[package]]
category = "main"
description = "Python HTTP for Humans."
name = "requests"
optional = false
python-versions = ">=2.7, !=3.0.*, !=3.1.*, !=3.2.*, !=3.3.*, !=3.4.*"
version = "2.22.0"

[package.dependencies]
certifi = ">=2017.4.17"
chardet = ">=3.0.2,<3.1.0"
idna = ">=2.5,<2.9"
urllib3 = ">=1.21.1,<1.25.0 || >1.25.0,<1.25.1 || >1.25.1,<1.26"

[[package]]
category = "main"
description = "A set of python modules for machine learning and data mining"
name = "scikit-learn"
optional = false
python-versions = ">=3.5"
version = "0.21.3"

[package.dependencies]
joblib = ">=0.11"
numpy = ">=1.11.0"
scipy = ">=0.17.0"

[[package]]
category = "main"
description = "SciPy: Scientific Library for Python"
name = "scipy"
optional = false
python-versions = ">=3.5"
version = "1.3.1"

[package.dependencies]
numpy = ">=1.13.3"

[[package]]
category = "main"
description = "Python 2 and 3 compatibility utilities"
name = "six"
optional = false
python-versions = ">=2.6, !=3.0.*, !=3.1.*"
version = "1.13.0"

[[package]]
category = "main"
description = "Database Abstraction Library"
name = "sqlalchemy"
optional = false
python-versions = ">=2.7, !=3.0.*, !=3.1.*, !=3.2.*, !=3.3.*"
version = "1.3.10"

[[package]]
category = "main"
description = "The little ASGI library that shines."
name = "starlette"
optional = false
python-versions = ">=3.6"
version = "0.12.9"

[[package]]
category = "main"
description = "TensorKit is a deep learning helper between Python and C++."
name = "tk"
optional = false
python-versions = "*"
version = "0.1.0"

[[package]]
category = "main"
description = "HTTP library with thread-safe connection pooling, file post, and more."
name = "urllib3"
optional = false
python-versions = ">=2.7, !=3.0.*, !=3.1.*, !=3.2.*, !=3.3.*, <4"
version = "1.25.6"

[[package]]
category = "main"
description = "The lightning-fast ASGI server."
name = "uvicorn"
optional = false
python-versions = "*"
version = "0.9.1"

[package.dependencies]
click = ">=7.0.0,<8.0.0"
h11 = ">=0.8.0,<0.9.0"
httptools = "0.0.13"
uvloop = "<1.0.0"
websockets = ">=8.0.0,<9.0.0"

[[package]]
category = "main"
description = "Fast implementation of asyncio event loop on top of libuv"
marker = "sys_platform != \"win32\" and sys_platform != \"cygwin\" and platform_python_implementation != \"pypy\""
name = "uvloop"
optional = false
python-versions = "*"
version = "0.14.0"

[[package]]
category = "main"
description = "WebSocket client for Python. hybi13 is supported."
name = "websocket-client"
optional = false
python-versions = ">=2.6, !=3.0.*, !=3.1.*, !=3.2.*, !=3.3.*"
version = "0.56.0"

[package.dependencies]
six = "*"

[[package]]
category = "main"
description = "An implementation of the WebSocket Protocol (RFC 6455 & 7692)"
name = "websockets"
optional = false
python-versions = ">=3.6.1"
version = "8.1"

[[package]]
category = "main"
description = "The comprehensive WSGI web application library."
name = "werkzeug"
optional = false
python-versions = ">=2.7, !=3.0.*, !=3.1.*, !=3.2.*, !=3.3.*"
version = "0.16.0"

[[package]]
category = "main"
description = "Makes working with XML feel like you are working with JSON"
name = "xmltodict"
optional = false
python-versions = ">=2.7, !=3.0.*, !=3.1.*, !=3.2.*, !=3.3.*"
version = "0.12.0"

[metadata]
content-hash = "6b9ec81034c7dd6b75930a35eeb70e351a92dc2d12208c160351c9790192741b"
python-versions = "^3.7"

[metadata.hashes]
asyncio = ["83360ff8bc97980e4ff25c964c7bd3923d333d177aa4f7fb736b019f26c7cb41", "b62c9157d36187eca799c378e572c969f0da87cd5fc42ca372d92cdb06e7e1de", "c46a87b48213d7464f22d9a497b9eef8c1928b68320a2fa94240f969f6fec08c", "c4d18b22701821de07bd6aea8b53d21449ec0ec5680645e5317062ea21817d2d"]
certifi = ["e4f3620cfea4f83eedc95b24abd9cd56f3c4b146dd0177e83a21b4eb49e21e50", "fd7c7c74727ddcf00e9acd26bba8da604ffec95bf1c2144e67aff7a8b50e6cef"]
chardet = ["84ab92ed1c4d4f16916e05906b6b75a6c0fb5db821cc65e70cbd64a3e2a5eaae", "fc323ffcaeaed0e0a02bf4d117757b98aed530d9ed4531e3e15460124c106691"]
click = ["2335065e6395b9e67ca716de5f7526736bfa6ceead690adf616d925bdc622b13", "5b94b49521f6456670fdb30cd82a4eca9412788a93fa6dd6df72c94d5a8ff2d7"]
cycler = ["1d8a5ae1ff6c5cf9b93e8811e581232ad8920aeec647c37316ceac982b08cb2d", "cd7b2d1018258d7247a71425e9f26463dfb444d411c39569972f4ce586b0c9d8"]
databases = ["a04db1d158a91db7bd49db16e14266e8e6c7336f06f88c700147690683c769a3"]
docker = ["6e06c5e70ba4fad73e35f00c55a895a448398f3ada7faae072e2bb01348bafc1", "8f93775b8bdae3a2df6bc9a5312cce564cade58d6555f2c2570165a1270cd8a7"]
fastapi = ["38356cf424392142a561f32ab49113dec6e2ab7318862ae14d5e1d7ede16d14f", "48cb522c1c993e238bfe272fbb18049cbd4bf5b9d6c0d4a4fa113cc790e8196c"]
flask = ["2271c0070dbcb5275fad4a82e29f23ab92682dc45f9dfbc22c02ba9b9322ce48", "a080b744b7e345ccfcbc77954861cb05b3c63786e93f2b3875e0913d44b43f05"]
gunicorn = ["aa8e0b40b4157b36a5df5e599f45c9c76d6af43845ba3b3b0efe2c70473c2471", "fa2662097c66f920f53f70621c6c58ca4a3c4d3434205e608e121b5b3b71f4f3"]
h11 = ["acca6a44cb52a32ab442b1779adf0875c443c689e9e028f8d831a3769f9c5208", "f2b1ca39bfed357d1f19ac732913d5f9faa54a5062eca7d2ec3a916cfb7ae4c7"]
h5py = ["063947eaed5f271679ed4ffa36bb96f57bc14f44dd4336a827d9a02702e6ce6b", "13c87efa24768a5e24e360a40e0bc4c49bcb7ce1bb13a3a7f9902cec302ccd36", "16ead3c57141101e3296ebeed79c9c143c32bdd0e82a61a2fc67e8e6d493e9d1", "3dad1730b6470fad853ef56d755d06bb916ee68a3d8272b3bab0c1ddf83bb99e", "51ae56894c6c93159086ffa2c94b5b3388c0400548ab26555c143e7cfa05b8e5", "54817b696e87eb9e403e42643305f142cd8b940fe9b3b490bbf98c3b8a894cf4", "549ad124df27c056b2e255ea1c44d30fb7a17d17676d03096ad5cd85edb32dc1", "6998be619c695910cb0effe5eb15d3a511d3d1a5d217d4bd0bebad1151ec2262", "6ef7ab1089e3ef53ca099038f3c0a94d03e3560e6aff0e9d6c64c55fb13fc681", "769e141512b54dee14ec76ed354fcacfc7d97fea5a7646b709f7400cf1838630", "79b23f47c6524d61f899254f5cd5e486e19868f1823298bc0c29d345c2447172", "7be5754a159236e95bd196419485343e2b5875e806fe68919e087b6351f40a70", "84412798925dc870ffd7107f045d7659e60f5d46d1c70c700375248bf6bf512d", "86868dc07b9cc8cb7627372a2e6636cdc7a53b7e2854ad020c9e9d8a4d3fd0f5", "8bb1d2de101f39743f91512a9750fb6c351c032e5cd3204b4487383e34da7f75", "a5f82cd4938ff8761d9760af3274acf55afc3c91c649c50ab18fcff5510a14a5", "aac4b57097ac29089f179bbc2a6e14102dd210618e94d77ee4831c65f82f17c0", "bffbc48331b4a801d2f4b7dac8a72609f0b10e6e516e5c480a3e3241e091c878", "c0d4b04bbf96c47b6d360cd06939e72def512b20a18a8547fa4af810258355d5", "c54a2c0dd4957776ace7f95879d81582298c5daf89e77fb8bee7378f132951de", "cbf28ae4b5af0f05aa6e7551cee304f1d317dbed1eb7ac1d827cee2f1ef97a99", "d3c59549f90a891691991c17f8e58c8544060fdf3ccdea267100fa5f561ff62f", "d7ae7a0576b06cb8e8a1c265a8bc4b73d05fdee6429bffc9a26a6eb531e79d72", "ecf4d0b56ee394a0984de15bceeb97cbe1fe485f1ac205121293fc44dcf3f31f", "f0e25bb91e7a02efccb50aba6591d3fe2c725479e34769802fcdd4076abfa917", "f23951a53d18398ef1344c186fb04b26163ca6ce449ebd23404b153fd111ded9", "ff7d241f866b718e4584fa95f520cb19405220c501bd3a53ee11871ba5166ea2"]
httptools = ["e00cbd7ba01ff748e494248183abc6e153f49181169d8a3d41bb49132ca01dfc"]
idna = ["c357b3f628cf53ae2c4c05627ecc484553142ca23264e593d327bcde5e9c3407", "ea8b7f6188e6fa117537c3df7da9fc686d485087abf6ac197f9c46432f7e4a3c"]
itsdangerous = ["321b033d07f2a4136d3ec762eac9f16a10ccd60f53c0c91af90217ace7ba1f19", "b12271b2047cb23eeb98c8b5622e2e5c5e9abd9784a153e9d8ef9cb4dd09d749"]
jinja2 = ["74320bb91f31270f9551d46522e33af46a80c3d619f4a4bf42b3164d30b5911f", "9fe95f19286cfefaa917656583d020be14e7859c6b0252588391e47db34527de"]
joblib = ["006108c7576b3eb6c5b27761ddbf188eb6e6347696325ab2027ea1ee9a4b922d", "6fcc57aacb4e89451fd449e9412687c51817c3f48662c3d8f38ba3f8a0a193ff"]
keras = ["321d43772006a25a1d58eea17401ef2a34d388b588c9f7646c34796151ebc8cc", "d08a57bd63546175f8f19232ba05906514d419da3e0af8ef7437fa1c11442e20"]
keras-applications = ["5579f9a12bcde9748f4a12233925a59b93b73ae6947409ff34aa2ba258189fe5", "df4323692b8c1174af821bf906f1e442e63fa7589bf0f1230a0b6bdc5a810c95"]
keras-preprocessing = ["44aee5f2c4d80c3b29f208359fcb336df80f293a0bb6b1c738da43ca206656fb", "5a8debe01d840de93d49e05ccf1c9b81ae30e210d34dacbcc47aeb3049b528e5"]
"keyrings.alt" = ["1cfd6525594169fa427aa2cfc72b1853a1af93c18cb1da663c3792e53916e1a9", "91328ac4229e70b1d0061d21bf61d36b031a6b4828f2682e38c741812f6eb23d"]
kiwisolver = ["05b5b061e09f60f56244adc885c4a7867da25ca387376b02c1efc29cc16bcd0f", "26f4fbd6f5e1dabff70a9ba0d2c4bd30761086454aa30dddc5b52764ee4852b7", "3b2378ad387f49cbb328205bda569b9f87288d6bc1bf4cd683c34523a2341efe", "400599c0fe58d21522cae0e8b22318e09d9729451b17ee61ba8e1e7c0346565c", "47b8cb81a7d18dbaf4fed6a61c3cecdb5adec7b4ac292bddb0d016d57e8507d5", "53eaed412477c836e1b9522c19858a8557d6e595077830146182225613b11a75", "58e626e1f7dfbb620d08d457325a4cdac65d1809680009f46bf41eaf74ad0187", "5a52e1b006bfa5be04fe4debbcdd2688432a9af4b207a3f429c74ad625022641", "5c7ca4e449ac9f99b3b9d4693debb1d6d237d1542dd6a56b3305fe8a9620f883", "682e54f0ce8f45981878756d7203fd01e188cc6c8b2c5e2cf03675390b4534d5", "79bfb2f0bd7cbf9ea256612c9523367e5ec51d7cd616ae20ca2c90f575d839a2", "7f4dd50874177d2bb060d74769210f3bce1af87a8c7cf5b37d032ebf94f0aca3", "8944a16020c07b682df861207b7e0efcd2f46c7488619cb55f65882279119389", "8aa7009437640beb2768bfd06da049bad0df85f47ff18426261acecd1cf00897", "939f36f21a8c571686eb491acfffa9c7f1ac345087281b412d63ea39ca14ec4a", "9733b7f64bd9f807832d673355f79703f81f0b3e52bfce420fc00d8cb28c6a6c", "a02f6c3e229d0b7220bd74600e9351e18bc0c361b05f29adae0d10599ae0e326", "a0c0a9f06872330d0dd31b45607197caab3c22777600e88031bfe66799e70bb0", "acc4df99308111585121db217681f1ce0eecb48d3a828a2f9bbf9773f4937e9e", "b64916959e4ae0ac78af7c3e8cef4becee0c0e9694ad477b4c6b3a536de6a544", "d3fcf0819dc3fea58be1fd1ca390851bdb719a549850e708ed858503ff25d995", "d52e3b1868a4e8fd18b5cb15055c76820df514e26aa84cc02f593d99fef6707f", "db1a5d3cc4ae943d674718d6c47d2d82488ddd94b93b9e12d24aabdbfe48caee", "e3a21a720791712ed721c7b95d433e036134de6f18c77dbe96119eaf7aa08004", "e8bf074363ce2babeb4764d94f8e65efd22e6a7c74860a4f05a6947afc020ff2", "f16814a4a96dc04bf1da7d53ee8d5b1d6decfc1a92a63349bb15d37b6a263dd9", "f2b22153870ca5cf2ab9c940d7bc38e8e9089fa0f7e5856ea195e1cf4ff43d5a", "f790f8b3dff3d53453de6a7b7ddd173d2e020fb160baff578d578065b108a05f"]
lxml = ["06c7616601430aa140a69f97e3116308fffe0848f543b639a5ec2e8920ae72fd", "177202792f9842374a8077735c69c41a4282183f7851443d2beb8ee310720819", "19317ad721ceb9e39847d11131903931e2794e447d4751ebb0d9236f1b349ff2", "36d206e62f3e5dbaafd4ec692b67157e271f5da7fd925fda8515da675eace50d", "387115b066c797c85f9861a9613abf50046a15aac16759bc92d04f94acfad082", "3ce1c49d4b4a7bc75fb12acb3a6247bb7a91fe420542e6d671ba9187d12a12c2", "4d2a5a7d6b0dbb8c37dab66a8ce09a8761409c044017721c21718659fa3365a1", "58d0a1b33364d1253a88d18df6c0b2676a1746d27c969dc9e32d143a3701dda5", "62a651c618b846b88fdcae0533ec23f185bb322d6c1845733f3123e8980c1d1b", "69ff21064e7debc9b1b1e2eee8c2d686d042d4257186d70b338206a80c5bc5ea", "7060453eba9ba59d821625c6af6a266bd68277dce6577f754d1eb9116c094266", "7d26b36a9c4bce53b9cfe42e67849ae3c5c23558bc08363e53ffd6d94f4ff4d2", "83b427ad2bfa0b9705e02a83d8d607d2c2f01889eb138168e462a3a052c42368", "923d03c84534078386cf50193057aae98fa94cace8ea7580b74754493fda73ad", "b773715609649a1a180025213f67ffdeb5a4878c784293ada300ee95a1f3257b", "baff149c174e9108d4a2fee192c496711be85534eab63adb122f93e70aa35431", "bca9d118b1014b4c2d19319b10a3ebed508ff649396ce1855e1c96528d9b2fa9", "ce580c28845581535dc6000fc7c35fdadf8bea7ccb57d6321b044508e9ba0685", "d34923a569e70224d88e6682490e24c842907ba2c948c5fd26185413cbe0cd96", "dd9f0e531a049d8b35ec5e6c68a37f1ba6ec3a591415e6804cbdf652793d15d7", "ecb805cbfe9102f3fd3d2ef16dfe5ae9e2d7a7dfbba92f4ff1e16ac9784dbfb0", "ede9aad2197a0202caff35d417b671f5f91a3631477441076082a17c94edd846", "ef2d1fc370400e0aa755aab0b20cf4f1d0e934e7fd5244f3dd4869078e4942b9", "f2fec194a49bfaef42a548ee657362af5c7a640da757f6f452a35da7dd9f923c"]
markupsafe = ["00bc623926325b26bb9605ae9eae8a215691f33cae5df11ca5424f06f2d1f473", "09027a7803a62ca78792ad89403b1b7a73a01c8cb65909cd876f7fcebd79b161", "09c4b7f37d6c648cb13f9230d847adf22f8171b1ccc4d5682398e77f40309235", "1027c282dad077d0bae18be6794e6b6b8c91d58ed8a8d89a89d59693b9131db5", "24982cc2533820871eba85ba648cd53d8623687ff11cbb805be4ff7b4c971aff", "29872e92839765e546828bb7754a68c418d927cd064fd4708fab9fe9c8bb116b", "43a55c2930bbc139570ac2452adf3d70cdbb3cfe5912c71cdce1c2c6bbd9c5d1", "46c99d2de99945ec5cb54f23c8cd5689f6d7177305ebff350a58ce5f8de1669e", "500d4957e52ddc3351cabf489e79c91c17f6e0899158447047588650b5e69183", "535f6fc4d397c1563d08b88e485c3496cf5784e927af890fb3c3aac7f933ec66", "62fe6c95e3ec8a7fad637b7f3d372c15ec1caa01ab47926cfdf7a75b40e0eac1", "6dd73240d2af64df90aa7c4e7481e23825ea70af4b4922f8ede5b9e35f78a3b1", "717ba8fe3ae9cc0006d7c451f0bb265ee07739daf76355d06366154ee68d221e", "79855e1c5b8da654cf486b830bd42c06e8780cea587384cf6545b7d9ac013a0b", "7c1699dfe0cf8ff607dbdcc1e9b9af1755371f92a68f706051cc8c37d447c905", "88e5fcfb52ee7b911e8bb6d6aa2fd21fbecc674eadd44118a9cc3863f938e735", "8defac2f2ccd6805ebf65f5eeb132adcf2ab57aa11fdf4c0dd5169a004710e7d", "98c7086708b163d425c67c7a91bad6e466bb99d797aa64f965e9d25c12111a5e", "9add70b36c5666a2ed02b43b335fe19002ee5235efd4b8a89bfcf9005bebac0d", "9bf40443012702a1d2070043cb6291650a0841ece432556f784f004937f0f32c", "ade5e387d2ad0d7ebf59146cc00c8044acbd863725f887353a10df825fc8ae21", "b00c1de48212e4cc9603895652c5c410df699856a2853135b3967591e4beebc2", "b1282f8c00509d99fef04d8ba936b156d419be841854fe901d8ae224c59f0be5", "b2051432115498d3562c084a49bba65d97cf251f5a331c64a12ee7e04dacc51b", "ba59edeaa2fc6114428f1637ffff42da1e311e29382d81b339c1817d37ec93c6", "c8716a48d94b06bb3b2524c2b77e055fb313aeb4ea620c8dd03a105574ba704f", "cd5df75523866410809ca100dc9681e301e3c27567cf498077e8551b6d20e42f", "e249096428b3ae81b08327a63a485ad0878de3fb939049038579ac0ef61e17e7"]
matplotlib = ["029620799e581802961ac1dcff5cb5d3ee2f602e0db9c0f202a90495b37d2126", "2308f67e085735ed580fcace652339cb517f059cdc9ee8a418c1b55746dbffcb", "280aebaec25575e35bf7d1b3ebb2d8ae7e839edb5a403f1a121b7271744b1ef9", "295099acb5a8a1148d1b4693ad1a93479a20836cd8b7eb38183a98c84cdcb2f1", "75d44c55eb87af653afc3d0a37ab62ab4784c752be0e7c96622713d88ed57e64", "95d9d7c2d7f0c7a4317acbcf1a81efa0a2ce5cb5ddfad606ae4c25a783431f0a", "9703ffc3e7e369f3ab31d0032719710876cb341eb618e1a8a54447e1946a9f0a", "9ff80541d5676207c6e829632b28e22d9875ecaae54eab7a7f8fd82a6552e5e9", "a6a04ebd81b3183e7882c9047a9514b7f547b2bae5e4f61a02eaaa6b446bde54", "b22b0d3b8d8f769c6ac559f6761878d660bd23d67b36430f07161caf1505c29c", "b464d598e36e13f7d798443805f2ba6b4af3d26fc1652c51c77a7847cf665813", "c0fa162920185d5d74e6fdf52c1f8cca0fbf897025a9dd81e030cf08a915865a", "c452b7aff0a9e4612670a4590e6efc30929dad620a121d423c8f3d0bd93715e2", "c90fc796e97815ea3bbbdea63c1e4edf75336361a49b945fdbc2aff1c76008c6", "cc1d376963ea9c97338582f3f9d64757c51e71cf2655efe363a3f2414d84aac2", "d3f5dfaa345539599308bd83826db242e424e3f4e9657952f8738ce1b5b90e8a", "d9e80ba0ffdb0daacaf49e561474d5c5c153d6db853478cf90c8cba5ed8b72b1", "daac44fc77cf36ff01953e2acc57a843fb1f6572eb5bf0af10a2930fa7407715", "de43c85335d71094a254e8538719752e30db3305005dae8dcb3097b72587ed07", "e4621af28a2444f93b5b6d3d60f54767df8ac6daa510a98f68c34377cb474869", "f3755a52aae7fb640f5f57b7b63eb5d65688c84931d7833dbc7d03959cd4f8ce", "f99c43df8ed2b9d1c95a042f3cacf017f9690092feba0b4292eaa6713f92de97"]
motor = ["462fbb824f4289481c158227a2579d6adaf1ec7c70cf7ebe60ed6ceb321e5869", "d035c09ab422bc50bf3efb134f7405694cae76268545bd21e14fb22e2638f84e"]
numpy = ["0b0dd8f47fb177d00fa6ef2d58783c4f41ad3126b139c91dd2f7c4b3fdf5e9a5", "25ffe71f96878e1da7e014467e19e7db90ae7d4e12affbc73101bcf61785214e", "26efd7f7d755e6ca966a5c0ac5a930a87dbbaab1c51716ac26a38f42ecc9bc4b", "28b1180c758abf34a5c3fea76fcee66a87def1656724c42bb14a6f9717a5bdf7", "2e418f0a59473dac424f888dd57e85f77502a593b207809211c76e5396ae4f5c", "30c84e3a62cfcb9e3066f25226e131451312a044f1fe2040e69ce792cb7de418", "4650d94bb9c947151737ee022b934b7d9a845a7c76e476f3e460f09a0c8c6f39", "4dd830a11e8724c9c9379feed1d1be43113f8bcce55f47ea7186d3946769ce26", "4f2a2b279efde194877aff1f76cf61c68e840db242a5c7169f1ff0fd59a2b1e2", "62d22566b3e3428dfc9ec972014c38ed9a4db4f8969c78f5414012ccd80a149e", "669795516d62f38845c7033679c648903200980d68935baaa17ac5c7ae03ae0c", "75fcd60d682db3e1f8fbe2b8b0c6761937ad56d01c1dc73edf4ef2748d5b6bc4", "9395b0a41e8b7e9a284e3be7060db9d14ad80273841c952c83a5afc241d2bd98", "9e37c35fc4e9410093b04a77d11a34c64bf658565e30df7cbe882056088a91c1", "a0678793096205a4d784bd99f32803ba8100f639cf3b932dc63b21621390ea7e", "b46554ad4dafb2927f88de5a1d207398c5385edbb5c84d30b3ef187c4a3894d8", "c867eeccd934920a800f65c6068acdd6b87e80d45cd8c8beefff783b23cdc462", "dd0667f5be56fb1b570154c2c0516a528e02d50da121bbbb2cbb0b6f87f59bc2", "de2b1c20494bdf47f0160bd88ed05f5e48ae5dc336b8de7cfade71abcc95c0b9", "f1df7b2b7740dd777571c732f98adb5aad5450aee32772f1b39249c8a50386f6", "ffca69e29079f7880c5392bf675eb8b4146479d976ae1924d01cd92b04cccbcc"]
pandas = ["071e42b89b57baa17031af8c6b6bbd2e9a5c68c595bc6bf9adabd7a9ed125d3b", "17450e25ae69e2e6b303817bdf26b2cd57f69595d8550a77c308be0cd0fd58fa", "17916d818592c9ec891cbef2e90f98cc85e0f1e89ed0924c9b5220dc3209c846", "2538f099ab0e9f9c9d09bbcd94b47fd889bad06dc7ae96b1ed583f1dc1a7a822", "366f30710172cb45a6b4f43b66c220653b1ea50303fbbd94e50571637ffb9167", "42e5ad741a0d09232efbc7fc648226ed93306551772fc8aecc6dce9f0e676794", "4e718e7f395ba5bfe8b6f6aaf2ff1c65a09bb77a36af6394621434e7cc813204", "4f919f409c433577a501e023943e582c57355d50a724c589e78bc1d551a535a2", "4fe0d7e6438212e839fc5010c78b822664f1a824c0d263fd858f44131d9166e2", "5149a6db3e74f23dc3f5a216c2c9ae2e12920aa2d4a5b77e44e5b804a5f93248", "627594338d6dd995cfc0bacd8e654cd9e1252d2a7c959449228df6740d737eb8", "83c702615052f2a0a7fb1dd289726e29ec87a27272d775cb77affe749cca28f8", "8c872f7fdf3018b7891e1e3e86c55b190e6c5cee70cab771e8f246c855001296", "90f116086063934afd51e61a802a943826d2aac572b2f7d55caaac51c13db5b5", "a3352bacac12e1fc646213b998bce586f965c9d431773d9e91db27c7c48a1f7d", "bcdd06007cca02d51350f96debe51331dec429ac8f93930a43eb8fb5639e3eb5", "c1bd07ebc15285535f61ddd8c0c75d0d6293e80e1ee6d9a8d73f3f36954342d0", "c9a4b7c55115eb278c19aa14b34fcf5920c8fe7797a09b7b053ddd6195ea89b3", "cc8fc0c7a8d5951dc738f1c1447f71c43734244453616f32b8aa0ef6013a5dfb", "d7b460bc316064540ce0c41c1438c416a40746fd8a4fb2999668bf18f3c4acf1"]
pydantic = ["18598557f0d9ab46173045910ed50458c4fb4d16153c23346b504d7a5b679f77", "6a9335c968e13295430a208487e74d69fef40168b72dea8d975765d14e2da660", "6f5eb88fe4c21380aa064b7d249763fc6306f0b001d7e7d52d80866d1afc9ed3", "bc6c6a78647d7a65a493e1107572d993f26a652c49183201e3c7d23924bf7311", "e1a63b4e6bf8820833cb6fa239ffbe8eec57ccdd7d66359eff20e68a83c1deeb", "ede2d65ae33788d4e26e12b330b4a32c53cb14131c65bca3a59f037c73f6ee7a"]
pymongo = ["09f8196e1cb081713aa3face08d1806dc0a5dd64cb9f67fefc568519253a7ff2", "1be549c0ce2ba8242c149156ae2064b12a5d4704448d49f630b4910606efd474", "1f9fe869e289210250cba4ea20fbd169905b1793e1cd2737f423e107061afa98", "3653cea82d1e35edd0a2355150daf8a27ebf12cf55182d5ad1046bfa288f5140", "4249c6ba45587b959292a727532826c5032d59171f923f7f823788f413c2a5a3", "4ff8f5e7c0a78983c1ee07894fff1b21c0e0ad3a122d9786cc3745fd60e4a2ce", "56b29c638ab924716b48a3e94e3d7ac00b04acec1daa8190c36d61fc714c3629", "56ec9358bbfe5ae3b25e785f8a14619d6799c855a44734c9098bb457174019bf", "5b59bbde4eb417f3f9379f7b1a9de3669894f2bae9de933a836e2bffea2bbfa1", "5dca250cbf1183c3e7b7b18c882c2b2199bfb20c74c4c68dbf11596808a296da", "61101d1cc92881fac1f9ac7e99b033062f4c210178dc33193c8f5567feecb069", "7b4aea184e4868ebd4f9f786ffee14a1121bda5436ad04f6bcbacfa2147f8386", "86624c0205a403fb4fbfedef79c5b4ab27e21fd018fdb6a27cf03b3c32a9e2b9", "88ac09e1b197c3b4531e43054d49c022a3ea1281431b2f4980abafa35d2a5ce2", "8b0339809b12ea292d468524dd1777f1a9637d9bdc0353a9261b88f82537d606", "93dbf7388f6bf9af48dbb32f265b75b3dbc743a7a2ce98e44c88c049c58d85d3", "9b705daec636c560dd2d63935f428a6b3cddfe903fffc0f349e0e91007c893d6", "a090a819fe6fefadc2901d3911c07c76c0935ec5c790a50e9f3c3c47bacd5978", "a102b346f1921237eaa9a31ee89eda57ad3c3973d79be3a456d92524e7df8fec", "a13363869f2f36291d6367069c65d51d7b8d1b2fb410266b0b6b1f3c90d6deb0", "a409a43c76da50881b70cc9ee70a1744f882848e8e93a68fb434254379777fa3", "a76475834a978058425b0163f1bad35a5f70e45929a543075633c3fc1df564c5", "ad474e93525baa6c58d75d63a73143af24c9f93c8e26e8d382f32c4da637901a", "b268c7fa03ac77a8662fab3b2ab0be4beecb82f60f4c24b584e69565691a107f", "b67ec339b180acdbebcd03807ae4b1764a43e7069340fe860a60ac310b9d38be", "cca4e1ab5ba0cd7877d3938167ee8ae9c2986cc0e10d3dcc3243d664d3a83fec", "cef61de3f0f4441ec40266ff2ab42e5c16eaba1dc1fc6e1036f274621c52adc1", "e28153b5d5ca33d4ba0c3bbc0e1ff161b9016e5e5f3f8ca10d6fa49106eb9e04", "f30d7b37804daf0bab1143abc71666c630d7e270f5c14c5a7c300a6699c21108", "f70f0133301cccf9bfd68fd20f67184ef991be578b646e78441106f9e27cc44d", "fa75c21c1d82f20cce62f6fc4a68c2b0f33572ab406df1b17cd77a947d0b2993"]
pyparsing = ["4acadc9a2b96c19fe00932a38ca63e601180c39a189a696abce1eaab641447e1", "61b5ed888beab19ddccab3478910e2076a6b5a0295dffc43021890e136edf764"]
pypiwin32 = ["67adf399debc1d5d14dffc1ab5acacb800da569754fafdc576b2a039485aa775", "71be40c1fbd28594214ecaecb58e7aa8b708eabfa0125c8a109ebd51edbd776a"]
pyproj = ["0a4f793cc93539c2292638c498e24422a2ec4b25cb47545addea07724b2a56e5", "171b44f073368d5ddccf9e549f20aede1c02c8fcdb10c13cdbd7840330411f65", "29fcdf9ce75ed283ff06fad3aa403f6fd7611276856a0e7754dba8f1aa879ac4", "3a0e60a77d303c2302bbf71da1f1a4e05b25266535f06a0ebef15d881b723355", "3c9a2528419a409434384db852553dcb7f42c662f6695efd6d7583bd20d11e1c", "4c48ecb0cd9d9a73dd9c2b19eb0ae612e5ce797be8630fc46c6b4d55c128627e", "6f1ecf20ecbef3fa2d7268ae66c370c83f5e80dc16e7ce91a4a184974b3a6f2b", "788be1a81a9c7d1f02cfa4c59d22790a87368529aea66f7d9db85ec600bca435", "79bef15f588ff454a756c4c310130009d020530eaacdb3defb9143bdda9fcd75", "7c10b2b0c8824a7c505778cd6ba50602b4287bbf72296e48516b0a39ba464d40", "7ea69b1a294de317401c3d7395cf9632d760e2405752bb667844465213f5ad43", "98c0af5fe4dc1cdd18c03b1223d3f855381226e96b1cc7ce86e699ec02222c85", "a1eb22794a8b9181be947e446cf0208e795b19ac0da12022114814059c680e45", "a29002592a6bd391ca75a13546549e65441508133d606ec25d050bf0e90e7ec0", "b7a810e27f861dce8c9e121f34ccdb8f69496c3d75e5c60ed49c394b93683a03", "bcf8379bec9295838252c59f543acc3478ab3cfcfffdd03d9f6f8aa52d9d80aa", "ce2e905e29c79ba4083015d80f78506af8a3e8c298ed2e6445a3489d1cdf9912", "db1083d7c77ebf6956d5a013c1fca940e4b3889b520fdda9a65389a9ce40e5f1", "e43235b37266e0b4e640f247b766dd5021ed60ba16ec5826e2e008d0ddb1f4e0", "f5f19e9e08bf9bc8e947010329239572b18c22ff23bae62be66acd4122a4a0a2"]
python-dateutil = ["73ebfe9dbf22e832286dafa60473e4cd239f8592f699aa5adaf10050e6e1823c", "75bb3f31ea686f1197762692a9ee6a7550b59fc6ca3a1f4b5d7e32fb98e2da2a"]
python-dotenv = ["debd928b49dbc2bf68040566f55cdb3252458036464806f4094487244e2a4093", "f157d71d5fec9d4bd5f51c82746b6344dffa680ee85217c123f4a0c8117c4544"]
pytz = ["1c557d7d0e871de1f5ccd5833f60fb2550652da6be2693c1e02300743d21500d", "b02c06db6cf09c12dd25137e563b31700d3b80fcc4ad23abb7a315f2789819be"]
pywin32 = ["0443e9bb196e72480f50cbddc2cf98fbb858a77d02e281ba79489ea3287b36e9", "09bbe7cdb29eb40ab2e83f7a232eeeedde864be7a0622b70a90f456aad07a234", "0d8e0f47808798d320c983574c36c49db642678902933a210edd40157d206fd0", "0db7c9f4b93528afd080d35912a60be2f86a1d6c49c0a9cf9cedd106eed81ea3", "749e590875051661ecefbd9dfa957a485016de0f25e43f5e70f888ef1e29587b", "779d3e9d4b934f2445d2920c3941416d99af72eb7f7fd57a63576cc8aa540ad6", "7c89d2c11a31c7aaa16dc4d25054d7e0e99d6f6b24193cf62c83850484658c87", "81f7732b662c46274d7d8c411c905d53e71999cba95457a0686467c3ebc745ca", "9db1fb8830bfa99c5bfd335d4482c14db5c6f5028db3b006787ef4200206242b", "bd8d04835db28646d9e07fd0ab7c7b18bd90e89dfdc559e60389179495ef30da", "fc6822a68afd79e97b015985dd455767c72009b81bcd18957068626c43f11e75", "fe6cfc2045931866417740b575231c7e12d69d481643be1493487ad53b089959"]
pyyaml = ["0113bc0ec2ad727182326b61326afa3d1d8280ae1122493553fd6f4397f33df9", "01adf0b6c6f61bd11af6e10ca52b7d4057dd0be0343eb9283c878cf3af56aee4", "5124373960b0b3f4aa7df1707e63e9f109b5263eca5976c66e08b1c552d4eaf8", "5ca4f10adbddae56d824b2c09668e91219bb178a1eee1faa56af6f99f11bf696", "7907be34ffa3c5a32b60b95f4d95ea25361c951383a894fec31be7252b2b6f34", "7ec9b2a4ed5cad025c2278a1e6a19c011c80a3caaac804fd2d329e9cc2c287c9", "87ae4c829bb25b9fe99cf71fbb2140c448f534e24c998cc60f39ae4f94396a73", "9de9919becc9cc2ff03637872a440195ac4241c80536632fffeb6a1e25a74299", "a5a85b10e450c66b49f98846937e8cfca1db3127a9d5d1e31ca45c3d0bef4c5b", "b0997827b4f6a7c286c01c5f60384d218dca4ed7d9efa945c3e1aa623d5709ae", "b631ef96d3222e62861443cc89d6563ba3eeb816eeb96b2629345ab795e53681", "bf47c0607522fdbca6c9e817a6e81b08491de50f3766a7a0e6a5be7905961b41", "f81025eddd0327c7d4cfe9b62cf33190e1e736cc6e97502b3ec425f574b3e7a8"]
requests = ["11e007a8a2aa0323f5a921e9e6a2d7e4e67d9877e85773fba9ba6419025cbeb4", "9cf5292fcd0f598c671cfc1e0d7d1a7f13bb8085e9a590f48c010551dc6c4b31"]
scikit-learn = ["1ac81293d261747c25ea5a0ee8cd2bb1f3b5ba9ec05421a7f9f0feb4eb7c4116", "289361cf003d90b007f5066b27fcddc2d71324c82f1c88e316fedacb0dfdd516", "3a14d0abd4281fc3fd2149c486c3ec7cedad848b8d5f7b6f61522029d65a29f8", "5083a5e50d9d54548e4ada829598ae63a05651dd2bb319f821ffd9e8388384a6", "777cdd5c077b7ca9cb381396c81990cf41d2fa8350760d3cad3b4c460a7db644", "8bf2ff63da820d09b96b18e88f9625228457bff8df4618f6b087e12442ef9e15", "8d319b71c449627d178f21c57614e21747e54bb3fc9602b6f42906c3931aa320", "928050b65781fea9542dfe9bfe02d8c4f5530baa8472ec60782ea77347d2c836", "92c903613ff50e22aa95d589f9fff5deb6f34e79f7f21f609680087f137bb524", "ae322235def5ce8fae645b439e332e6f25d34bb90d6a6c8e261f17eb476457b7", "c1cd6b29eb1fd1cc672ac5e4a8be5f6ea936d094a3dc659ada0746d6fac750b1", "c41a6e2685d06bcdb0d26533af2540f54884d40db7e48baed6a5bcbf1a7cc642", "d07fcb0c0acbc043faa0e7cf4d2037f71193de3fb04fb8ed5c259b089af1cf5c", "d146d5443cda0a41f74276e42faf8c7f283fef49e8a853b832885239ef544e05", "eb2b7bed0a26ba5ce3700e15938b28a4f4513578d3e54a2156c29df19ac5fd01", "eb9b8ebf59eddd8b96366428238ab27d05a19e89c5516ce294abc35cea75d003"]
scipy = ["0baa64bf42592032f6f6445a07144e355ca876b177f47ad8d0612901c9375bef", "243b04730d7223d2b844bda9500310eecc9eda0cba9ceaf0cde1839f8287dfa8", "2643cfb46d97b7797d1dbdb6f3c23fe3402904e3c90e6facfe6a9b98d808c1b5", "396eb4cdad421f846a1498299474f0a3752921229388f91f60dc3eda55a00488", "3ae3692616975d3c10aca6d574d6b4ff95568768d4525f76222fb60f142075b9", "435d19f80b4dcf67dc090cc04fde2c5c8a70b3372e64f6a9c58c5b806abfa5a8", "46a5e55850cfe02332998b3aef481d33f1efee1960fe6cfee0202c7dd6fc21ab", "75b513c462e58eeca82b22fc00f0d1875a37b12913eee9d979233349fce5c8b2", "7ccfa44a08226825126c4ef0027aa46a38c928a10f0a8a8483c80dd9f9a0ad44", "89dd6a6d329e3f693d1204d5562dd63af0fd7a17854ced17f9cbc37d5b853c8d", "a81da2fe32f4eab8b60d56ad43e44d93d392da228a77e229e59b51508a00299c", "a9d606d11eb2eec7ef893eb825017fbb6eef1e1d0b98a5b7fc11446ebeb2b9b1", "ac37eb652248e2d7cbbfd89619dce5ecfd27d657e714ed049d82f19b162e8d45", "cbc0611699e420774e945f6a4e2830f7ca2b3ee3483fca1aa659100049487dd5", "d02d813ec9958ed63b390ded463163685af6025cb2e9a226ec2c477df90c6957", "dd3b52e00f93fd1c86f2d78243dfb0d02743c94dd1d34ffea10055438e63b99d"]
six = ["1f1b7d42e254082a9db6279deae68afb421ceba6158efa6131de7b3003ee93fd", "30f610279e8b2578cab6db20741130331735c781b56053c59c4076da27f06b66"]
sqlalchemy = ["0f0768b5db594517e1f5e1572c73d14cf295140756431270d89496dc13d5e46c"]
starlette = ["c2ac9a42e0e0328ad20fe444115ac5e3760c1ee2ac1ff8cdb5ec915c4a453411"]
tk = ["60bc8923d5d35f67f5c6bd93d4f0c49d2048114ec077768f959aef36d4ed97f8", "703a69ff0d5ba2bd2f7440582ad10160e4a6561595d33457dc6caa79b9bf4930"]
urllib3 = ["3de946ffbed6e6746608990594d08faac602528ac7015ac28d33cee6a45b7398", "9a107b99a5393caf59c7aa3c1249c16e6879447533d0887f4336dde834c7be86"]
uvicorn = ["33c7cfcf71450d2170c9a4c4c7559767329040a36b159e3889554132e4b89457"]
uvloop = ["08b109f0213af392150e2fe6f81d33261bb5ce968a288eb698aad4f46eb711bd", "123ac9c0c7dd71464f58f1b4ee0bbd81285d96cdda8bc3519281b8973e3a461e", "4315d2ec3ca393dd5bc0b0089d23101276778c304d42faff5dc4579cb6caef09", "4544dcf77d74f3a84f03dd6278174575c44c67d7165d4c42c71db3fdc3860726", "afd5513c0ae414ec71d24f6f123614a80f3d27ca655a4fcf6cabe50994cc1891", "b4f591aa4b3fa7f32fb51e2ee9fea1b495eb75b0b3c8d0ca52514ad675ae63f7", "bcac356d62edd330080aed082e78d4b580ff260a677508718f88016333e2c9c5", "e7514d7a48c063226b7d06617cbb12a14278d4323a065a8d46a7962686ce2e95", "f07909cd9fc08c52d294b1570bba92186181ca01fe3dc9ffba68955273dd7362"]
websocket-client = ["1151d5fb3a62dc129164292e1227655e4bbc5dd5340a5165dfae61128ec50aa9", "1fd5520878b68b84b5748bb30e592b10d0a91529d5383f74f4964e72b297fd3a"]
websockets = ["0e4fb4de42701340bd2353bb2eee45314651caa6ccee80dbd5f5d5978888fed5", "20891f0dddade307ffddf593c733a3fdb6b83e6f9eef85908113e628fa5a8308", "2db62a9142e88535038a6bcfea70ef9447696ea77891aebb730a333a51ed559a", "3762791ab8b38948f0c4d281c8b2ddfa99b7e510e46bd8dfa942a5fff621068c", "3db87421956f1b0779a7564915875ba774295cc86e81bc671631379371af1170", "4f9f7d28ce1d8f1295717c2c25b732c2bc0645db3215cf757551c392177d7cb8", "5c65d2da8c6bce0fca2528f69f44b2f977e06954c8512a952222cea50dad430f", "7ff46d441db78241f4c6c27b3868c9ae71473fe03341340d2dfdbe8d79310acc", "965889d9f0e2a75edd81a07592d0ced54daa5b0785f57dc429c378edbcffe779", "9b248ba3dd8a03b1a10b19efe7d4f7fa41d158fdaa95e2cf65af5a7b95a4f989", "ce85b06a10fc65e6143518b96d3dca27b081a740bae261c2fb20375801a9d56d"]
werkzeug = ["7280924747b5733b246fe23972186c6b348f9ae29724135a6dfc1e53cea433e7", "e5f4a1f98b52b18a93da705a7458e55afb26f32bff83ff5d19189f92462d65c4"]
xmltodict = ["50d8c638ed7ecb88d90561beedbf720c9b4e851a9fa6c47ebd64e99d166d8a21", "8bbcb45cc982f48b2ca8fe7e7827c5d792f217ecf1792626f808bf41c3b86051"]
